
Microsoft Visual Studio Solution File, Format Version 12.00
# Visual Studio Version 17
VisualStudioVersion = 17.5.33627.172
MinimumVisualStudioVersion = 10.0.40219.1
Project("{8BC9CEB8-8B4A-11D0-8D11-00A0C91BC942}") = "lab1z1", "lab1z1\lab1z1.vcxproj", "{29295677-5C09-477E-8D49-42DB16E95FCD}"
EndProject
Global
	GlobalSection(SolutionConfigurationPlatforms) = preSolution
		Debug|x64 = Debug|x64
		Debug|x86 = Debug|x86
		Release|x64 = Release|x64
		Release|x86 = Release|x86
	EndGlobalSection
	GlobalSection(ProjectConfigurationPlatforms) = postSolution
		{29295677-5C09-477E-8D49-42DB16E95FCD}.Debug|x64.ActiveCfg = Debug|x64
		{29295677-5C09-477E-8D49-42DB16E95FCD}.Debug|x64.Build.0 = Debug|x64
		{29295677-5C09-477E-8D49-42DB16E95FCD}.Debug|x86.ActiveCfg = Debug|Win32
		{29295677-5C09-477E-8D49-42DB16E95FCD}.Debug|x86.Build.0 = Debug|Win32
		{29295677-5C09-477E-8D49-42DB16E95FCD}.Release|x64.ActiveCfg = Release|x64
		{29295677-5C09-477E-8D49-42DB16E95FCD}.Release|x64.Build.0 = Release|x64
		{29295677-5C09-477E-8D49-42DB16E95FCD}.Release|x86.ActiveCfg = Release|Win32
		{29295677-5C09-477E-8D49-42DB16E95FCD}.Release|x86.Build.0 = Release|Win32
	EndGlobalSection
	GlobalSection(SolutionProperties) = preSolution
		HideSolutionNode = FALSE
	EndGlobalSection
	GlobalSection(ExtensibilityGlobals) = postSolution
		SolutionGuid = {553FAC83-CFA2-4EE6-96BE-8D4710A565B4}
	EndGlobalSection
EndGlobal
